// !$*UTF8*$!
{
	archiveVersion = 1;
	classes = {
	};
	objectVersion = 55;
	objects = {

/* Begin PBXBuildFile section */
		1A50CBA3278884910067EC65 /* SchroedingerAlarmApp.swift in Sources */ = {isa = PBXBuildFile; fileRef = 1A50CBA2278884910067EC65 /* SchroedingerAlarmApp.swift */; };
		1A50CBA5278884910067EC65 /* ContentView.swift in Sources */ = {isa = PBXBuildFile; fileRef = 1A50CBA4278884910067EC65 /* ContentView.swift */; };
		1A50CBA7278884920067EC65 /* Assets.xcassets in Resources */ = {isa = PBXBuildFile; fileRef = 1A50CBA6278884920067EC65 /* Assets.xcassets */; };
		1A50CBAA278884920067EC65 /* Preview Assets.xcassets in Resources */ = {isa = PBXBuildFile; fileRef = 1A50CBA9278884920067EC65 /* Preview Assets.xcassets */; };
		1A50CBB4278884920067EC65 /* SchroedingerAlarmTests.swift in Sources */ = {isa = PBXBuildFile; fileRef = 1A50CBB3278884920067EC65 /* SchroedingerAlarmTests.swift */; };
		1A50CBBE278884930067EC65 /* SchroedingerAlarmUITests.swift in Sources */ = {isa = PBXBuildFile; fileRef = 1A50CBBD278884930067EC65 /* SchroedingerAlarmUITests.swift */; };
		1A50CBC0278884930067EC65 /* SchroedingerAlarmUITestsLaunchTests.swift in Sources */ = {isa = PBXBuildFile; fileRef = 1A50CBBF278884930067EC65 /* SchroedingerAlarmUITestsLaunchTests.swift */; };
/* End PBXBuildFile section */

/* Begin PBXContainerItemProxy section */
		1A50CBB0278884920067EC65 /* PBXContainerItemProxy */ = {
			isa = PBXContainerItemProxy;
			containerPortal = 1A50CB97278884910067EC65 /* Project object */;
			proxyType = 1;
			remoteGlobalIDString = 1A50CB9E278884910067EC65;
			remoteInfo = SchroedingerAlarm;
		};
		1A50CBBA278884930067EC65 /* PBXContainerItemProxy */ = {
			isa = PBXContainerItemProxy;
			containerPortal = 1A50CB97278884910067EC65 /* Project object */;
			proxyType = 1;
			remoteGlobalIDString = 1A50CB9E278884910067EC65;
			remoteInfo = SchroedingerAlarm;
		};
/* End PBXContainerItemProxy section */

/* Begin PBXFileReference section */
		1A50CB9F278884910067EC65 /* SchroedingerAlarm.app */ = {isa = PBXFileReference; explicitFileType = wrapper.application; includeInIndex = 0; path = SchroedingerAlarm.app; sourceTree = BUILT_PRODUCTS_DIR; };
		1A50CBA2278884910067EC65 /* SchroedingerAlarmApp.swift */ = {isa = PBXFileReference; lastKnownFileType = sourcecode.swift; path = SchroedingerAlarmApp.swift; sourceTree = "<group>"; };
		1A50CBA4278884910067EC65 /* ContentView.swift */ = {isa = PBXFileReference; lastKnownFileType = sourcecode.swift; path = ContentView.swift; sourceTree = "<group>"; };
		1A50CBA6278884920067EC65 /* Assets.xcassets */ = {isa = PBXFileReference; lastKnownFileType = folder.assetcatalog; path = Assets.xcassets; sourceTree = "<group>"; };
		1A50CBA9278884920067EC65 /* Preview Assets.xcassets */ = {isa = PBXFileReference; lastKnownFileType = folder.assetcatalog; path = "Preview Assets.xcassets"; sourceTree = "<group>"; };
		1A50CBAF278884920067EC65 /* SchroedingerAlarmTests.xctest */ = {isa = PBXFileReference; explicitFileType = wrapper.cfbundle; includeInIndex = 0; path = SchroedingerAlarmTests.xctest; sourceTree = BUILT_PRODUCTS_DIR; };
		1A50CBB3278884920067EC65 /* SchroedingerAlarmTests.swift */ = {isa = PBXFileReference; lastKnownFileType = sourcecode.swift; path = SchroedingerAlarmTests.swift; sourceTree = "<group>"; };
		1A50CBB9278884930067EC65 /* SchroedingerAlarmUITests.xctest */ = {isa = PBXFileReference; explicitFileType = wrapper.cfbundle; includeInIndex = 0; path = SchroedingerAlarmUITests.xctest; sourceTree = BUILT_PRODUCTS_DIR; };
		1A50CBBD278884930067EC65 /* SchroedingerAlarmUITests.swift */ = {isa = PBXFileReference; lastKnownFileType = sourcecode.swift; path = SchroedingerAlarmUITests.swift; sourceTree = "<group>"; };
		1A50CBBF278884930067EC65 /* SchroedingerAlarmUITestsLaunchTests.swift */ = {isa = PBXFileReference; lastKnownFileType = sourcecode.swift; path = SchroedingerAlarmUITestsLaunchTests.swift; sourceTree = "<group>"; };
/* End PBXFileReference section */

/* Begin PBXFrameworksBuildPhase section */
		1A50CB9C278884910067EC65 /* Frameworks */ = {
			isa = PBXFrameworksBuildPhase;
			buildActionMask = 2147483647;
			files = (
			);
			runOnlyForDeploymentPostprocessing = 0;
		};
		1A50CBAC278884920067EC65 /* Frameworks */ = {
			isa = PBXFrameworksBuildPhase;
			buildActionMask = 2147483647;
			files = (
			);
			runOnlyForDeploymentPostprocessing = 0;
		};
		1A50CBB6278884930067EC65 /* Frameworks */ = {
			isa = PBXFrameworksBuildPhase;
			buildActionMask = 2147483647;
			files = (
			);
			runOnlyForDeploymentPostprocessing = 0;
		};
/* End PBXFrameworksBuildPhase section */

/* Begin PBXGroup section */
		1A50CB96278884910067EC65 = {
			isa = PBXGroup;
			children = (
				1A50CBA1278884910067EC65 /* SchroedingerAlarm */,
				1A50CBB2278884920067EC65 /* SchroedingerAlarmTests */,
				1A50CBBC278884930067EC65 /* SchroedingerAlarmUITests */,
				1A50CBA0278884910067EC65 /* Products */,
			);
			sourceTree = "<group>";
		};
		1A50CBA0278884910067EC65 /* Products */ = {
			isa = PBXGroup;
			children = (
				1A50CB9F278884910067EC65 /* SchroedingerAlarm.app */,
				1A50CBAF278884920067EC65 /* SchroedingerAlarmTests.xctest */,
				1A50CBB9278884930067EC65 /* SchroedingerAlarmUITests.xctest */,
			);
			name = Products;
			sourceTree = "<group>";
		};
		1A50CBA1278884910067EC65 /* SchroedingerAlarm */ = {
			isa = PBXGroup;
			children = (
				1A50CBA2278884910067EC65 /* SchroedingerAlarmApp.swift */,
				1A50CBA4278884910067EC65 /* ContentView.swift */,
				1A50CBA6278884920067EC65 /* Assets.xcassets */,
				1A50CBA8278884920067EC65 /* Preview Content */,
			);
			path = SchroedingerAlarm;
			sourceTree = "<group>";
		};
		1A50CBA8278884920067EC65 /* Preview Content */ = {
			isa = PBXGroup;
			children = (
				1A50CBA9278884920067EC65 /* Preview Assets.xcassets */,
			);
			path = "Preview Content";
			sourceTree = "<group>";
		};
		1A50CBB2278884920067EC65 /* SchroedingerAlarmTests */ = {
			isa = PBXGroup;
			children = (
				1A50CBB3278884920067EC65 /* SchroedingerAlarmTests.swift */,
			);
			path = SchroedingerAlarmTests;
			sourceTree = "<group>";
		};
		1A50CBBC278884930067EC65 /* SchroedingerAlarmUITests */ = {
			isa = PBXGroup;
			children = (
				1A50CBBD278884930067EC65 /* SchroedingerAlarmUITests.swift */,
				1A50CBBF278884930067EC65 /* SchroedingerAlarmUITestsLaunchTests.swift */,
			);
			path = SchroedingerAlarmUITests;
			sourceTree = "<group>";
		};
/* End PBXGroup section */

/* Begin PBXNativeTarget section */
		1A50CB9E278884910067EC65 /* SchroedingerAlarm */ = {
			isa = PBXNativeTarget;
			buildConfigurationList = 1A50CBC3278884930067EC65 /* Build configuration list for PBXNativeTarget "SchroedingerAlarm" */;
			buildPhases = (
				1A50CB9B278884910067EC65 /* Sources */,
				1A50CB9C278884910067EC65 /* Frameworks */,
				1A50CB9D278884910067EC65 /* Resources */,
			);
			buildRules = (
			);
			dependencies = (
			);
			name = SchroedingerAlarm;
			productName = SchroedingerAlarm;
			productReference = 1A50CB9F278884910067EC65 /* SchroedingerAlarm.app */;
			productType = "com.apple.product-type.application";
		};
		1A50CBAE278884920067EC65 /* SchroedingerAlarmTests */ = {
			isa = PBXNativeTarget;
			buildConfigurationList = 1A50CBC6278884930067EC65 /* Build configuration list for PBXNativeTarget "SchroedingerAlarmTests" */;
			buildPhases = (
				1A50CBAB278884920067EC65 /* Sources */,
				1A50CBAC278884920067EC65 /* Frameworks */,
				1A50CBAD278884920067EC65 /* Resources */,
			);
			buildRules = (
			);
			dependencies = (
				1A50CBB1278884920067EC65 /* PBXTargetDependency */,
			);
			name = SchroedingerAlarmTests;
			productName = SchroedingerAlarmTests;
			productReference = 1A50CBAF278884920067EC65 /* SchroedingerAlarmTests.xctest */;
			productType = "com.apple.product-type.bundle.unit-test";
		};
		1A50CBB8278884930067EC65 /* SchroedingerAlarmUITests */ = {
			isa = PBXNativeTarget;
			buildConfigurationList = 1A50CBC9278884930067EC65 /* Build configuration list for PBXNativeTarget "SchroedingerAlarmUITests" */;
			buildPhases = (
				1A50CBB5278884930067EC65 /* Sources */,
				1A50CBB6278884930067EC65 /* Frameworks */,
				1A50CBB7278884930067EC65 /* Resources */,
			);
			buildRules = (
			);
			dependencies = (
				1A50CBBB278884930067EC65 /* PBXTargetDependency */,
			);
			name = SchroedingerAlarmUITests;
			productName = SchroedingerAlarmUITests;
			productReference = 1A50CBB9278884930067EC65 /* SchroedingerAlarmUITests.xctest */;
			productType = "com.apple.product-type.bundle.ui-testing";
		};
/* End PBXNativeTarget section */

/* Begin PBXProject section */
		1A50CB97278884910067EC65 /* Project object */ = {
			isa = PBXProject;
			attributes = {
				BuildIndependentTargetsInParallel = 1;
				LastSwiftUpdateCheck = 1320;
				LastUpgradeCheck = 1320;
				TargetAttributes = {
					1A50CB9E278884910067EC65 = {
						CreatedOnToolsVersion = 13.2.1;
					};
					1A50CBAE278884920067EC65 = {
						CreatedOnToolsVersion = 13.2.1;
						TestTargetID = 1A50CB9E278884910067EC65;
					};
					1A50CBB8278884930067EC65 = {
						CreatedOnToolsVersion = 13.2.1;
						TestTargetID = 1A50CB9E278884910067EC65;
					};
				};
			};
			buildConfigurationList = 1A50CB9A278884910067EC65 /* Build configuration list for PBXProject "SchroedingerAlarm" */;
			compatibilityVersion = "Xcode 13.0";
			developmentRegion = en;
			hasScannedForEncodings = 0;
			knownRegions = (
				en,
				Base,
			);
			mainGroup = 1A50CB96278884910067EC65;
			productRefGroup = 1A50CBA0278884910067EC65 /* Products */;
			projectDirPath = "";
			projectRoot = "";
			targets = (
				1A50CB9E278884910067EC65 /* SchroedingerAlarm */,
				1A50CBAE278884920067EC65 /* SchroedingerAlarmTests */,
				1A50CBB8278884930067EC65 /* SchroedingerAlarmUITests */,
			);
		};
/* End PBXProject section */

/* Begin PBXResourcesBuildPhase section */
		1A50CB9D278884910067EC65 /* Resources */ = {
			isa = PBXResourcesBuildPhase;
			buildActionMask = 2147483647;
			files = (
				1A50CBAA278884920067EC65 /* Preview Assets.xcassets in Resources */,
				1A50CBA7278884920067EC65 /* Assets.xcassets in Resources */,
			);
			runOnlyForDeploymentPostprocessing = 0;
		};
		1A50CBAD278884920067EC65 /* Resources */ = {
			isa = PBXResourcesBuildPhase;
			buildActionMask = 2147483647;
			files = (
			);
			runOnlyForDeploymentPostprocessing = 0;
		};
		1A50CBB7278884930067EC65 /* Resources */ = {
			isa = PBXResourcesBuildPhase;
			buildActionMask = 2147483647;
			files = (
			);
			runOnlyForDeploymentPostprocessing = 0;
		};
/* End PBXResourcesBuildPhase section */

/* Begin PBXSourcesBuildPhase section */
		1A50CB9B278884910067EC65 /* Sources */ = {
			isa = PBXSourcesBuildPhase;
			buildActionMask = 2147483647;
			files = (
				1A50CBA5278884910067EC65 /* ContentView.swift in Sources */,
				1A50CBA3278884910067EC65 /* SchroedingerAlarmApp.swift in Sources */,
			);
			runOnlyForDeploymentPostprocessing = 0;
		};
		1A50CBAB278884920067EC65 /* Sources */ = {
			isa = PBXSourcesBuildPhase;
			buildActionMask = 2147483647;
			files = (
				1A50CBB4278884920067EC65 /* SchroedingerAlarmTests.swift in Sources */,
			);
			runOnlyForDeploymentPostprocessing = 0;
		};
		1A50CBB5278884930067EC65 /* Sources */ = {
			isa = PBXSourcesBuildPhase;
			buildActionMask = 2147483647;
			files = (
				1A50CBBE278884930067EC65 /* SchroedingerAlarmUITests.swift in Sources */,
				1A50CBC0278884930067EC65 /* SchroedingerAlarmUITestsLaunchTests.swift in Sources */,
			);
			runOnlyForDeploymentPostprocessing = 0;
		};
/* End PBXSourcesBuildPhase section */

/* Begin PBXTargetDependency section */
		1A50CBB1278884920067EC65 /* PBXTargetDependency */ = {
			isa = PBXTargetDependency;
			target = 1A50CB9E278884910067EC65 /* SchroedingerAlarm */;
			targetProxy = 1A50CBB0278884920067EC65 /* PBXContainerItemProxy */;
		};
		1A50CBBB278884930067EC65 /* PBXTargetDependency */ = {
			isa = PBXTargetDependency;
			target = 1A50CB9E278884910067EC65 /* SchroedingerAlarm */;
			targetProxy = 1A50CBBA278884930067EC65 /* PBXContainerItemProxy */;
		};
/* End PBXTargetDependency section */

/* Begin XCBuildConfiguration section */
		1A50CBC1278884930067EC65 /* Debug */ = {
			isa = XCBuildConfiguration;
			buildSettings = {
				ALWAYS_SEARCH_USER_PATHS = NO;
				CLANG_ANALYZER_NONNULL = YES;
				CLANG_ANALYZER_NUMBER_OBJECT_CONVERSION = YES_AGGRESSIVE;
				CLANG_CXX_LANGUAGE_STANDARD = "gnu++17";
				CLANG_CXX_LIBRARY = "libc++";
				CLANG_ENABLE_MODULES = YES;
				CLANG_ENABLE_OBJC_ARC = YES;
				CLANG_ENABLE_OBJC_WEAK = YES;
				CLANG_WARN_BLOCK_CAPTURE_AUTORELEASING = YES;
				CLANG_WARN_BOOL_CONVERSION = YES;
				CLANG_WARN_COMMA = YES;
				CLANG_WARN_CONSTANT_CONVERSION = YES;
				CLANG_WARN_DEPRECATED_OBJC_IMPLEMENTATIONS = YES;
				CLANG_WARN_DIRECT_OBJC_ISA_USAGE = YES_ERROR;
				CLANG_WARN_DOCUMENTATION_COMMENTS = YES;
				CLANG_WARN_EMPTY_BODY = YES;
				CLANG_WARN_ENUM_CONVERSION = YES;
				CLANG_WARN_INFINITE_RECURSION = YES;
				CLANG_WARN_INT_CONVERSION = YES;
				CLANG_WARN_NON_LITERAL_NULL_CONVERSION = YES;
				CLANG_WARN_OBJC_IMPLICIT_RETAIN_SELF = YES;
				CLANG_WARN_OBJC_LITERAL_CONVERSION = YES;
				CLANG_WARN_OBJC_ROOT_CLASS = YES_ERROR;
				CLANG_WARN_QUOTED_INCLUDE_IN_FRAMEWORK_HEADER = YES;
				CLANG_WARN_RANGE_LOOP_ANALYSIS = YES;
				CLANG_WARN_STRICT_PROTOTYPES = YES;
				CLANG_WARN_SUSPICIOUS_MOVE = YES;
				CLANG_WARN_UNGUARDED_AVAILABILITY = YES_AGGRESSIVE;
				CLANG_WARN_UNREACHABLE_CODE = YES;
				CLANG_WARN__DUPLICATE_METHOD_MATCH = YES;
				COPY_PHASE_STRIP = NO;
				DEBUG_INFORMATION_FORMAT = dwarf;
				ENABLE_STRICT_OBJC_MSGSEND = YES;
				ENABLE_TESTABILITY = YES;
				GCC_C_LANGUAGE_STANDARD = gnu11;
				GCC_DYNAMIC_NO_PIC = NO;
				GCC_NO_COMMON_BLOCKS = YES;
				GCC_OPTIMIZATION_LEVEL = 0;
				GCC_PREPROCESSOR_DEFINITIONS = (
					"DEBUG=1",
					"$(inherited)",
				);
				GCC_WARN_64_TO_32_BIT_CONVERSION = YES;
				GCC_WARN_ABOUT_RETURN_TYPE = YES_ERROR;
				GCC_WARN_UNDECLARED_SELECTOR = YES;
				GCC_WARN_UNINITIALIZED_AUTOS = YES_AGGRESSIVE;
				GCC_WARN_UNUSED_FUNCTION = YES;
				GCC_WARN_UNUSED_VARIABLE = YES;
				IPHONEOS_DEPLOYMENT_TARGET = 15.2;
				MTL_ENABLE_DEBUG_INFO = INCLUDE_SOURCE;
				MTL_FAST_MATH = YES;
				ONLY_ACTIVE_ARCH = YES;
				SDKROOT = iphoneos;
				SWIFT_ACTIVE_COMPILATION_CONDITIONS = DEBUG;
				SWIFT_OPTIMIZATION_LEVEL = "-Onone";
			};
			name = Debug;
		};
		1A50CBC2278884930067EC65 /* Release */ = {
			isa = XCBuildConfiguration;
			buildSettings = {
				ALWAYS_SEARCH_USER_PATHS = NO;
				CLANG_ANALYZER_NONNULL = YES;
				CLANG_ANALYZER_NUMBER_OBJECT_CONVERSION = YES_AGGRESSIVE;
				CLANG_CXX_LANGUAGE_STANDARD = "gnu++17";
				CLANG_CXX_LIBRARY = "libc++";
				CLANG_ENABLE_MODULES = YES;
				CLANG_ENABLE_OBJC_ARC = YES;
				CLANG_ENABLE_OBJC_WEAK = YES;
				CLANG_WARN_BLOCK_CAPTURE_AUTORELEASING = YES;
				CLANG_WARN_BOOL_CONVERSION = YES;
				CLANG_WARN_COMMA = YES;
				CLANG_WARN_CONSTANT_CONVERSION = YES;
				CLANG_WARN_DEPRECATED_OBJC_IMPLEMENTATIONS = YES;
				CLANG_WARN_DIRECT_OBJC_ISA_USAGE = YES_ERROR;
				CLANG_WARN_DOCUMENTATION_COMMENTS = YES;
				CLANG_WARN_EMPTY_BODY = YES;
				CLANG_WARN_ENUM_CONVERSION = YES;
				CLANG_WARN_INFINITE_RECURSION = YES;
				CLANG_WARN_INT_CONVERSION = YES;
				CLANG_WARN_NON_LITERAL_NULL_CONVERSION = YES;
				CLANG_WARN_OBJC_IMPLICIT_RETAIN_SELF = YES;
				CLANG_WARN_OBJC_LITERAL_CONVERSION = YES;
				CLANG_WARN_OBJC_ROOT_CLASS = YES_ERROR;
				CLANG_WARN_QUOTED_INCLUDE_IN_FRAMEWORK_HEADER = YES;
				CLANG_WARN_RANGE_LOOP_ANALYSIS = YES;
				CLANG_WARN_STRICT_PROTOTYPES = YES;
				CLANG_WARN_SUSPICIOUS_MOVE = YES;
				CLANG_WARN_UNGUARDED_AVAILABILITY = YES_AGGRESSIVE;
				CLANG_WARN_UNREACHABLE_CODE = YES;
				CLANG_WARN__DUPLICATE_METHOD_MATCH = YES;
				COPY_PHASE_STRIP = NO;
				DEBUG_INFORMATION_FORMAT = "dwarf-with-dsym";
				ENABLE_NS_ASSERTIONS = NO;
				ENABLE_STRICT_OBJC_MSGSEND = YES;
				GCC_C_LANGUAGE_STANDARD = gnu11;
				GCC_NO_COMMON_BLOCKS = YES;
				GCC_WARN_64_TO_32_BIT_CONVERSION = YES;
				GCC_WARN_ABOUT_RETURN_TYPE = YES_ERROR;
				GCC_WARN_UNDECLARED_SELECTOR = YES;
				GCC_WARN_UNINITIALIZED_AUTOS = YES_AGGRESSIVE;
				GCC_WARN_UNUSED_FUNCTION = YES;
				GCC_WARN_UNUSED_VARIABLE = YES;
				IPHONEOS_DEPLOYMENT_TARGET = 15.2;
				MTL_ENABLE_DEBUG_INFO = NO;
				MTL_FAST_MATH = YES;
				SDKROOT = iphoneos;
				SWIFT_COMPILATION_MODE = wholemodule;
				SWIFT_OPTIMIZATION_LEVEL = "-O";
				VALIDATE_PRODUCT = YES;
			};
			name = Release;
		};
		1A50CBC4278884930067EC65 /* Debug */ = {
			isa = XCBuildConfiguration;
			buildSettings = {
				ASSETCATALOG_COMPILER_APPICON_NAME = AppIcon;
				ASSETCATALOG_COMPILER_GLOBAL_ACCENT_COLOR_NAME = AccentColor;
				CODE_SIGN_STYLE = Automatic;
				CURRENT_PROJECT_VERSION = 1;
				DEVELOPMENT_ASSET_PATHS = "\"SchroedingerAlarm/Preview Content\"";
				ENABLE_PREVIEWS = YES;
				GENERATE_INFOPLIST_FILE = YES;
				INFOPLIST_KEY_UIApplicationSceneManifest_Generation = YES;
				INFOPLIST_KEY_UIApplicationSupportsIndirectInputEvents = YES;
				INFOPLIST_KEY_UILaunchScreen_Generation = YES;
				INFOPLIST_KEY_UISupportedInterfaceOrientations_iPad = "UIInterfaceOrientationPortrait UIInterfaceOrientationPortraitUpsideDown UIInterfaceOrientationLandscapeLeft UIInterfaceOrientationLandscapeRight";
				INFOPLIST_KEY_UISupportedInterfaceOrientations_iPhone = "UIInterfaceOrientationPortrait UIInterfaceOrientationLandscapeLeft UIInterfaceOrientationLandscapeRight";
				LD_RUNPATH_SEARCH_PATHS = (
					"$(inherited)",
					"@executable_path/Frameworks",
				);
				MARKETING_VERSION = 1.0;
				PRODUCT_BUNDLE_IDENTIFIER = mgo.SchroedingerAlarm;
				PRODUCT_NAME = "$(TARGET_NAME)";
				SWIFT_EMIT_LOC_STRINGS = YES;
				SWIFT_VERSION = 5.0;
				TARGETED_DEVICE_FAMILY = "1,2";
			};
			name = Debug;
		};
		1A50CBC5278884930067EC65 /* Release */ = {
			isa = XCBuildConfiguration;
			buildSettings = {
				ASSETCATALOG_COMPILER_APPICON_NAME = AppIcon;
				ASSETCATALOG_COMPILER_GLOBAL_ACCENT_COLOR_NAME = AccentColor;
				CODE_SIGN_STYLE = Automatic;
				CURRENT_PROJECT_VERSION = 1;
				DEVELOPMENT_ASSET_PATHS = "\"SchroedingerAlarm/Preview Content\"";
				ENABLE_PREVIEWS = YES;
				GENERATE_INFOPLIST_FILE = YES;
				INFOPLIST_KEY_UIApplicationSceneManifest_Generation = YES;
				INFOPLIST_KEY_UIApplicationSupportsIndirectInputEvents = YES;
				INFOPLIST_KEY_UILaunchScreen_Generation = YES;
				INFOPLIST_KEY_UISupportedInterfaceOrientations_iPad = "UIInterfaceOrientationPortrait UIInterfaceOrientationPortraitUpsideDown UIInterfaceOrientationLandscapeLeft UIInterfaceOrientationLandscapeRight";
				INFOPLIST_KEY_UISupportedInterfaceOrientations_iPhone = "UIInterfaceOrientationPortrait UIInterfaceOrientationLandscapeLeft UIInterfaceOrientationLandscapeRight";
				LD_RUNPATH_SEARCH_PATHS = (
					"$(inherited)",
					"@executable_path/Frameworks",
				);
				MARKETING_VERSION = 1.0;
				PRODUCT_BUNDLE_IDENTIFIER = mgo.SchroedingerAlarm;
				PRODUCT_NAME = "$(TARGET_NAME)";
				SWIFT_EMIT_LOC_STRINGS = YES;
				SWIFT_VERSION = 5.0;
				TARGETED_DEVICE_FAMILY = "1,2";
			};
			name = Release;
		};
		1A50CBC7278884930067EC65 /* Debug */ = {
			isa = XCBuildConfiguration;
			buildSettings = {
				ALWAYS_EMBED_SWIFT_STANDARD_LIBRARIES = YES;
				BUNDLE_LOADER = "$(TEST_HOST)";
				CODE_SIGN_STYLE = Automatic;
				CURRENT_PROJECT_VERSION = 1;
				GENERATE_INFOPLIST_FILE = YES;
				IPHONEOS_DEPLOYMENT_TARGET = 15.2;
				MARKETING_VERSION = 1.0;
				PRODUCT_BUNDLE_IDENTIFIER = mgo.SchroedingerAlarmTests;
				PRODUCT_NAME = "$(TARGET_NAME)";
				SWIFT_EMIT_LOC_STRINGS = NO;
				SWIFT_VERSION = 5.0;
				TARGETED_DEVICE_FAMILY = "1,2";
				TEST_HOST = "$(BUILT_PRODUCTS_DIR)/SchroedingerAlarm.app/SchroedingerAlarm";
			};
			name = Debug;
		};
		1A50CBC8278884930067EC65 /* Release */ = {
			isa = XCBuildConfiguration;
			buildSettings = {
				ALWAYS_EMBED_SWIFT_STANDARD_LIBRARIES = YES;
				BUNDLE_LOADER = "$(TEST_HOST)";
				CODE_SIGN_STYLE = Automatic;
				CURRENT_PROJECT_VERSION = 1;
				GENERATE_INFOPLIST_FILE = YES;
				IPHONEOS_DEPLOYMENT_TARGET = 15.2;
				MARKETING_VERSION = 1.0;
				PRODUCT_BUNDLE_IDENTIFIER = mgo.SchroedingerAlarmTests;
				PRODUCT_NAME = "$(TARGET_NAME)";
				SWIFT_EMIT_LOC_STRINGS = NO;
				SWIFT_VERSION = 5.0;
				TARGETED_DEVICE_FAMILY = "1,2";
				TEST_HOST = "$(BUILT_PRODUCTS_DIR)/SchroedingerAlarm.app/SchroedingerAlarm";
			};
			name = Release;
		};
		1A50CBCA278884930067EC65 /* Debug */ = {
			isa = XCBuildConfiguration;
			buildSettings = {
				ALWAYS_EMBED_SWIFT_STANDARD_LIBRARIES = YES;
				CODE_SIGN_STYLE = Automatic;
				CURRENT_PROJECT_VERSION = 1;
				GENERATE_INFOPLIST_FILE = YES;
				MARKETING_VERSION = 1.0;
				PRODUCT_BUNDLE_IDENTIFIER = mgo.SchroedingerAlarmUITests;
				PRODUCT_NAME = "$(TARGET_NAME)";
				SWIFT_EMIT_LOC_STRINGS = NO;
				SWIFT_VERSION = 5.0;
				TARGETED_DEVICE_FAMILY = "1,2";
				TEST_TARGET_NAME = SchroedingerAlarm;
			};
			name = Debug;
		};
		1A50CBCB278884930067EC65 /* Release */ = {
			isa = XCBuildConfiguration;
			buildSettings = {
				ALWAYS_EMBED_SWIFT_STANDARD_LIBRARIES = YES;
				CODE_SIGN_STYLE = Automatic;
				CURRENT_PROJECT_VERSION = 1;
				GENERATE_INFOPLIST_FILE = YES;
				MARKETING_VERSION = 1.0;
				PRODUCT_BUNDLE_IDENTIFIER = mgo.SchroedingerAlarmUITests;
				PRODUCT_NAME = "$(TARGET_NAME)";
				SWIFT_EMIT_LOC_STRINGS = NO;
				SWIFT_VERSION = 5.0;
				TARGETED_DEVICE_FAMILY = "1,2";
				TEST_TARGET_NAME = SchroedingerAlarm;
			};
			name = Release;
		};
/* End XCBuildConfiguration section */

/* Begin XCConfigurationList section */
		1A50CB9A278884910067EC65 /* Build configuration list for PBXProject "SchroedingerAlarm" */ = {
			isa = XCConfigurationList;
			buildConfigurations = (
				1A50CBC1278884930067EC65 /* Debug */,
				1A50CBC2278884930067EC65 /* Release */,
			);
			defaultConfigurationIsVisible = 0;
			defaultConfigurationName = Release;
		};
		1A50CBC3278884930067EC65 /* Build configuration list for PBXNativeTarget "SchroedingerAlarm" */ = {
			isa = XCConfigurationList;
			buildConfigurations = (
				1A50CBC4278884930067EC65 /* Debug */,
				1A50CBC5278884930067EC65 /* Release */,
			);
			defaultConfigurationIsVisible = 0;
			defaultConfigurationName = Release;
		};
		1A50CBC6278884930067EC65 /* Build configuration list for PBXNativeTarget "SchroedingerAlarmTests" */ = {
			isa = XCConfigurationList;
			buildConfigurations = (
				1A50CBC7278884930067EC65 /* Debug */,
				1A50CBC8278884930067EC65 /* Release */,
			);
			defaultConfigurationIsVisible = 0;
			defaultConfigurationName = Release;
		};
		1A50CBC9278884930067EC65 /* Build configuration list for PBXNativeTarget "SchroedingerAlarmUITests" */ = {
			isa = XCConfigurationList;
			buildConfigurations = (
				1A50CBCA278884930067EC65 /* Debug */,
				1A50CBCB278884930067EC65 /* Release */,
			);
			defaultConfigurationIsVisible = 0;
			defaultConfigurationName = Release;
		};
/* End XCConfigurationList section */
	};
	rootObject = 1A50CB97278884910067EC65 /* Project object */;
}
